// !$*UTF8*$!
{
	archiveVersion = 1;
	classes = {
	};
	objectVersion = 46;
	objects = {

/* Begin PBXBuildFile section */
		8935747E1C4ACBC300689E43 /* R2DHudComponent.swift in Sources */ = {isa = PBXBuildFile; fileRef = 8935747D1C4ACBC300689E43 /* R2DHudComponent.swift */; };
		893574801C4ACBD800689E43 /* R2DHudManagerComponent.swift in Sources */ = {isa = PBXBuildFile; fileRef = 8935747F1C4ACBD800689E43 /* R2DHudManagerComponent.swift */; };
		893574821C4B1E3B00689E43 /* R2DGameManagerComponent.swift in Sources */ = {isa = PBXBuildFile; fileRef = 893574811C4B1E3B00689E43 /* R2DGameManagerComponent.swift */; };
		893574861C4B1F1E00689E43 /* R2DSpawnerType.swift in Sources */ = {isa = PBXBuildFile; fileRef = 893574851C4B1F1E00689E43 /* R2DSpawnerType.swift */; };
		893574881C4B240700689E43 /* R2DGameCenterComponent.swift in Sources */ = {isa = PBXBuildFile; fileRef = 893574871C4B240700689E43 /* R2DGameCenterComponent.swift */; };
		8935748F1C4B566D00689E43 /* R2DUtils.swift in Sources */ = {isa = PBXBuildFile; fileRef = 8935748E1C4B566D00689E43 /* R2DUtils.swift */; };
		893574971C4B6CC700689E43 /* R2DPlayerComponent.swift in Sources */ = {isa = PBXBuildFile; fileRef = 893574961C4B6CC700689E43 /* R2DPlayerComponent.swift */; };
		893574991C4B6F7A00689E43 /* R2DAnchorPoint.swift in Sources */ = {isa = PBXBuildFile; fileRef = 893574981C4B6F7A00689E43 /* R2DAnchorPoint.swift */; };
		8935749B1C4B70F200689E43 /* SKSpriteNodeExtension.swift in Sources */ = {isa = PBXBuildFile; fileRef = 8935749A1C4B70F200689E43 /* SKSpriteNodeExtension.swift */; };
		8972E9451C404F0000DC4FA5 /* R2DScrollingPlatform.swift in Sources */ = {isa = PBXBuildFile; fileRef = 8972E9441C404F0000DC4FA5 /* R2DScrollingPlatform.swift */; };
		898AE5991C514D8A00AD0A51 /* R2DDashComponent.swift in Sources */ = {isa = PBXBuildFile; fileRef = 898AE5981C514D8A00AD0A51 /* R2DDashComponent.swift */; };
		899C4E1B1C41F2A100F77F68 /* UIColorExtension.swift in Sources */ = {isa = PBXBuildFile; fileRef = 899C4E1A1C41F2A100F77F68 /* UIColorExtension.swift */; };
		899C4E1D1C41F6D800F77F68 /* R2DButton.swift in Sources */ = {isa = PBXBuildFile; fileRef = 899C4E1C1C41F6D800F77F68 /* R2DButton.swift */; };
		899C4E321C4232BA00F77F68 /* R2DPlatform.swift in Sources */ = {isa = PBXBuildFile; fileRef = 899C4E311C4232BA00F77F68 /* R2DPlatform.swift */; };
		899C4E361C455BED00F77F68 /* R2DSpawnerComponent.swift in Sources */ = {isa = PBXBuildFile; fileRef = 899C4E351C455BED00F77F68 /* R2DSpawnerComponent.swift */; };
		899C4E641C473A9200F77F68 /* R2DScrollingComponent.swift in Sources */ = {isa = PBXBuildFile; fileRef = 899C4E631C473A9200F77F68 /* R2DScrollingComponent.swift */; };
		899C4E671C47403200F77F68 /* R2DJumpComponent.swift in Sources */ = {isa = PBXBuildFile; fileRef = 899C4E661C47403200F77F68 /* R2DJumpComponent.swift */; };
		89D9AA471C4C77E100CCB90B /* R2DDisappearComponent.swift in Sources */ = {isa = PBXBuildFile; fileRef = 89D9AA461C4C77E100CCB90B /* R2DDisappearComponent.swift */; };
		89D9AA5C1C4C8A5100CCB90B /* R2DGameComponent.swift in Sources */ = {isa = PBXBuildFile; fileRef = 89D9AA5B1C4C8A5100CCB90B /* R2DGameComponent.swift */; };
		89D9AA5E1C4D55CA00CCB90B /* R2DMessenger.swift in Sources */ = {isa = PBXBuildFile; fileRef = 89D9AA5D1C4D55CA00CCB90B /* R2DMessenger.swift */; };
		89D9AA701C4EB12500CCB90B /* R2DAttackComponent.swift in Sources */ = {isa = PBXBuildFile; fileRef = 89D9AA6F1C4EB12500CCB90B /* R2DAttackComponent.swift */; };
		89F4E17F1C404488008EDD2A /* R2DEngine.h in Headers */ = {isa = PBXBuildFile; fileRef = 89F4E17E1C404488008EDD2A /* R2DEngine.h */; settings = {ATTRIBUTES = (Public, ); }; };
		89F4E1861C404488008EDD2A /* R2DEngine.framework in Frameworks */ = {isa = PBXBuildFile; fileRef = 89F4E17B1C404488008EDD2A /* R2DEngine.framework */; };
		89F4E18B1C404488008EDD2A /* R2DEngineTests.swift in Sources */ = {isa = PBXBuildFile; fileRef = 89F4E18A1C404488008EDD2A /* R2DEngineTests.swift */; };
		89F4E1961C40449D008EDD2A /* R2DBackground.swift in Sources */ = {isa = PBXBuildFile; fileRef = 89F4E1951C40449D008EDD2A /* R2DBackground.swift */; };
		89F4E19A1C4044C9008EDD2A /* R2DDirection.swift in Sources */ = {isa = PBXBuildFile; fileRef = 89F4E1991C4044C9008EDD2A /* R2DDirection.swift */; };
		89F4E19C1C4044D4008EDD2A /* CGPointExtension.swift in Sources */ = {isa = PBXBuildFile; fileRef = 89F4E19B1C4044D4008EDD2A /* CGPointExtension.swift */; };
		89F4E19E1C4044DD008EDD2A /* CGVectorExtension.swift in Sources */ = {isa = PBXBuildFile; fileRef = 89F4E19D1C4044DD008EDD2A /* CGVectorExtension.swift */; };
		89F4E1A01C4044E4008EDD2A /* SKNodeExtension.swift in Sources */ = {isa = PBXBuildFile; fileRef = 89F4E19F1C4044E4008EDD2A /* SKNodeExtension.swift */; };
		89F4E1A21C4044FD008EDD2A /* SpriteKit.framework in Frameworks */ = {isa = PBXBuildFile; fileRef = 89F4E1A11C4044FD008EDD2A /* SpriteKit.framework */; };
/* End PBXBuildFile section */

/* Begin PBXContainerItemProxy section */
		89F4E1871C404488008EDD2A /* PBXContainerItemProxy */ = {
			isa = PBXContainerItemProxy;
			containerPortal = 89F4E1721C404488008EDD2A /* Project object */;
			proxyType = 1;
			remoteGlobalIDString = 89F4E17A1C404488008EDD2A;
			remoteInfo = R2DEngine;
		};
/* End PBXContainerItemProxy section */

/* Begin PBXFileReference section */
		8935747D1C4ACBC300689E43 /* R2DHudComponent.swift */ = {isa = PBXFileReference; fileEncoding = 4; lastKnownFileType = sourcecode.swift; path = R2DHudComponent.swift; sourceTree = "<group>"; };
		8935747F1C4ACBD800689E43 /* R2DHudManagerComponent.swift */ = {isa = PBXFileReference; fileEncoding = 4; lastKnownFileType = sourcecode.swift; path = R2DHudManagerComponent.swift; sourceTree = "<group>"; };
		893574811C4B1E3B00689E43 /* R2DGameManagerComponent.swift */ = {isa = PBXFileReference; fileEncoding = 4; lastKnownFileType = sourcecode.swift; path = R2DGameManagerComponent.swift; sourceTree = "<group>"; };
		893574851C4B1F1E00689E43 /* R2DSpawnerType.swift */ = {isa = PBXFileReference; fileEncoding = 4; lastKnownFileType = sourcecode.swift; path = R2DSpawnerType.swift; sourceTree = "<group>"; };
		893574871C4B240700689E43 /* R2DGameCenterComponent.swift */ = {isa = PBXFileReference; fileEncoding = 4; lastKnownFileType = sourcecode.swift; path = R2DGameCenterComponent.swift; sourceTree = "<group>"; };
		8935748E1C4B566D00689E43 /* R2DUtils.swift */ = {isa = PBXFileReference; fileEncoding = 4; lastKnownFileType = sourcecode.swift; path = R2DUtils.swift; sourceTree = "<group>"; };
		893574961C4B6CC700689E43 /* R2DPlayerComponent.swift */ = {isa = PBXFileReference; fileEncoding = 4; lastKnownFileType = sourcecode.swift; path = R2DPlayerComponent.swift; sourceTree = "<group>"; };
		893574981C4B6F7A00689E43 /* R2DAnchorPoint.swift */ = {isa = PBXFileReference; fileEncoding = 4; lastKnownFileType = sourcecode.swift; path = R2DAnchorPoint.swift; sourceTree = "<group>"; };
		8935749A1C4B70F200689E43 /* SKSpriteNodeExtension.swift */ = {isa = PBXFileReference; fileEncoding = 4; lastKnownFileType = sourcecode.swift; path = SKSpriteNodeExtension.swift; sourceTree = "<group>"; };
		8972E9441C404F0000DC4FA5 /* R2DScrollingPlatform.swift */ = {isa = PBXFileReference; fileEncoding = 4; lastKnownFileType = sourcecode.swift; path = R2DScrollingPlatform.swift; sourceTree = "<group>"; };
		898AE5981C514D8A00AD0A51 /* R2DDashComponent.swift */ = {isa = PBXFileReference; fileEncoding = 4; lastKnownFileType = sourcecode.swift; path = R2DDashComponent.swift; sourceTree = "<group>"; };
		899C4E1A1C41F2A100F77F68 /* UIColorExtension.swift */ = {isa = PBXFileReference; fileEncoding = 4; lastKnownFileType = sourcecode.swift; path = UIColorExtension.swift; sourceTree = "<group>"; };
		899C4E1C1C41F6D800F77F68 /* R2DButton.swift */ = {isa = PBXFileReference; fileEncoding = 4; lastKnownFileType = sourcecode.swift; path = R2DButton.swift; sourceTree = "<group>"; };
		899C4E311C4232BA00F77F68 /* R2DPlatform.swift */ = {isa = PBXFileReference; fileEncoding = 4; lastKnownFileType = sourcecode.swift; path = R2DPlatform.swift; sourceTree = "<group>"; };
		899C4E351C455BED00F77F68 /* R2DSpawnerComponent.swift */ = {isa = PBXFileReference; fileEncoding = 4; lastKnownFileType = sourcecode.swift; path = R2DSpawnerComponent.swift; sourceTree = "<group>"; };
		899C4E631C473A9200F77F68 /* R2DScrollingComponent.swift */ = {isa = PBXFileReference; fileEncoding = 4; lastKnownFileType = sourcecode.swift; path = R2DScrollingComponent.swift; sourceTree = "<group>"; };
		899C4E661C47403200F77F68 /* R2DJumpComponent.swift */ = {isa = PBXFileReference; fileEncoding = 4; lastKnownFileType = sourcecode.swift; path = R2DJumpComponent.swift; sourceTree = "<group>"; };
		89D9AA461C4C77E100CCB90B /* R2DDisappearComponent.swift */ = {isa = PBXFileReference; fileEncoding = 4; lastKnownFileType = sourcecode.swift; path = R2DDisappearComponent.swift; sourceTree = "<group>"; };
		89D9AA5B1C4C8A5100CCB90B /* R2DGameComponent.swift */ = {isa = PBXFileReference; fileEncoding = 4; lastKnownFileType = sourcecode.swift; path = R2DGameComponent.swift; sourceTree = "<group>"; };
		89D9AA5D1C4D55CA00CCB90B /* R2DMessenger.swift */ = {isa = PBXFileReference; fileEncoding = 4; lastKnownFileType = sourcecode.swift; path = R2DMessenger.swift; sourceTree = "<group>"; };
		89D9AA6F1C4EB12500CCB90B /* R2DAttackComponent.swift */ = {isa = PBXFileReference; fileEncoding = 4; lastKnownFileType = sourcecode.swift; path = R2DAttackComponent.swift; sourceTree = "<group>"; };
		89F4E17B1C404488008EDD2A /* R2DEngine.framework */ = {isa = PBXFileReference; explicitFileType = wrapper.framework; includeInIndex = 0; path = R2DEngine.framework; sourceTree = BUILT_PRODUCTS_DIR; };
		89F4E17E1C404488008EDD2A /* R2DEngine.h */ = {isa = PBXFileReference; lastKnownFileType = sourcecode.c.h; path = R2DEngine.h; sourceTree = "<group>"; };
		89F4E1801C404488008EDD2A /* Info.plist */ = {isa = PBXFileReference; lastKnownFileType = text.plist.xml; path = Info.plist; sourceTree = "<group>"; };
		89F4E1851C404488008EDD2A /* R2DEngineTests.xctest */ = {isa = PBXFileReference; explicitFileType = wrapper.cfbundle; includeInIndex = 0; path = R2DEngineTests.xctest; sourceTree = BUILT_PRODUCTS_DIR; };
		89F4E18A1C404488008EDD2A /* R2DEngineTests.swift */ = {isa = PBXFileReference; lastKnownFileType = sourcecode.swift; path = R2DEngineTests.swift; sourceTree = "<group>"; };
		89F4E18C1C404488008EDD2A /* Info.plist */ = {isa = PBXFileReference; lastKnownFileType = text.plist.xml; path = Info.plist; sourceTree = "<group>"; };
		89F4E1951C40449D008EDD2A /* R2DBackground.swift */ = {isa = PBXFileReference; fileEncoding = 4; lastKnownFileType = sourcecode.swift; path = R2DBackground.swift; sourceTree = "<group>"; };
		89F4E1991C4044C9008EDD2A /* R2DDirection.swift */ = {isa = PBXFileReference; fileEncoding = 4; lastKnownFileType = sourcecode.swift; path = R2DDirection.swift; sourceTree = "<group>"; };
		89F4E19B1C4044D4008EDD2A /* CGPointExtension.swift */ = {isa = PBXFileReference; fileEncoding = 4; lastKnownFileType = sourcecode.swift; path = CGPointExtension.swift; sourceTree = "<group>"; };
		89F4E19D1C4044DD008EDD2A /* CGVectorExtension.swift */ = {isa = PBXFileReference; fileEncoding = 4; lastKnownFileType = sourcecode.swift; path = CGVectorExtension.swift; sourceTree = "<group>"; };
		89F4E19F1C4044E4008EDD2A /* SKNodeExtension.swift */ = {isa = PBXFileReference; fileEncoding = 4; lastKnownFileType = sourcecode.swift; path = SKNodeExtension.swift; sourceTree = "<group>"; };
		89F4E1A11C4044FD008EDD2A /* SpriteKit.framework */ = {isa = PBXFileReference; lastKnownFileType = wrapper.framework; name = SpriteKit.framework; path = System/Library/Frameworks/SpriteKit.framework; sourceTree = SDKROOT; };
/* End PBXFileReference section */

/* Begin PBXFrameworksBuildPhase section */
		89F4E1771C404488008EDD2A /* Frameworks */ = {
			isa = PBXFrameworksBuildPhase;
			buildActionMask = 2147483647;
			files = (
				89F4E1A21C4044FD008EDD2A /* SpriteKit.framework in Frameworks */,
			);
			runOnlyForDeploymentPostprocessing = 0;
		};
		89F4E1821C404488008EDD2A /* Frameworks */ = {
			isa = PBXFrameworksBuildPhase;
			buildActionMask = 2147483647;
			files = (
				89F4E1861C404488008EDD2A /* R2DEngine.framework in Frameworks */,
			);
			runOnlyForDeploymentPostprocessing = 0;
		};
/* End PBXFrameworksBuildPhase section */

/* Begin PBXGroup section */
		8935747A1C4ACA5000689E43 /* Protocols */ = {
			isa = PBXGroup;
			children = (
				89D9AA5B1C4C8A5100CCB90B /* R2DGameComponent.swift */,
				899C4E661C47403200F77F68 /* R2DJumpComponent.swift */,
				898AE5981C514D8A00AD0A51 /* R2DDashComponent.swift */,
				899C4E631C473A9200F77F68 /* R2DScrollingComponent.swift */,
				899C4E351C455BED00F77F68 /* R2DSpawnerComponent.swift */,
				8935747D1C4ACBC300689E43 /* R2DHudComponent.swift */,
				8935747F1C4ACBD800689E43 /* R2DHudManagerComponent.swift */,
				893574811C4B1E3B00689E43 /* R2DGameManagerComponent.swift */,
				893574871C4B240700689E43 /* R2DGameCenterComponent.swift */,
				893574961C4B6CC700689E43 /* R2DPlayerComponent.swift */,
				89D9AA461C4C77E100CCB90B /* R2DDisappearComponent.swift */,
				89D9AA5D1C4D55CA00CCB90B /* R2DMessenger.swift */,
				89D9AA6F1C4EB12500CCB90B /* R2DAttackComponent.swift */,
			);
			name = Protocols;
			sourceTree = "<group>";
		};
		8935747B1C4ACA6400689E43 /* Objects */ = {
			isa = PBXGroup;
			children = (
				89F4E1951C40449D008EDD2A /* R2DBackground.swift */,
				899C4E311C4232BA00F77F68 /* R2DPlatform.swift */,
				8972E9441C404F0000DC4FA5 /* R2DScrollingPlatform.swift */,
				899C4E1C1C41F6D800F77F68 /* R2DButton.swift */,
				8935748E1C4B566D00689E43 /* R2DUtils.swift */,
			);
			name = Objects;
			sourceTree = "<group>";
		};
		8935747C1C4ACA8500689E43 /* Enums */ = {
			isa = PBXGroup;
			children = (
				89F4E1991C4044C9008EDD2A /* R2DDirection.swift */,
				893574851C4B1F1E00689E43 /* R2DSpawnerType.swift */,
				893574981C4B6F7A00689E43 /* R2DAnchorPoint.swift */,
			);
			name = Enums;
			sourceTree = "<group>";
		};
		89F4E1711C404488008EDD2A = {
			isa = PBXGroup;
			children = (
				89F4E17D1C404488008EDD2A /* R2DEngine */,
				89F4E1891C404488008EDD2A /* R2DEngineTests */,
				89F4E1A31C404500008EDD2A /* Frameworks */,
				89F4E17C1C404488008EDD2A /* Products */,
			);
			sourceTree = "<group>";
		};
		89F4E17C1C404488008EDD2A /* Products */ = {
			isa = PBXGroup;
			children = (
				89F4E17B1C404488008EDD2A /* R2DEngine.framework */,
				89F4E1851C404488008EDD2A /* R2DEngineTests.xctest */,
			);
			name = Products;
			sourceTree = "<group>";
		};
		89F4E17D1C404488008EDD2A /* R2DEngine */ = {
			isa = PBXGroup;
			children = (
				89F4E17E1C404488008EDD2A /* R2DEngine.h */,
				89F4E1801C404488008EDD2A /* Info.plist */,
				89F4E1981C4044BD008EDD2A /* Source */,
			);
			path = R2DEngine;
			sourceTree = "<group>";
		};
		89F4E1891C404488008EDD2A /* R2DEngineTests */ = {
			isa = PBXGroup;
			children = (
				89F4E18A1C404488008EDD2A /* R2DEngineTests.swift */,
				89F4E18C1C404488008EDD2A /* Info.plist */,
			);
			path = R2DEngineTests;
			sourceTree = "<group>";
		};
		89F4E1971C4044B5008EDD2A /* Extensions */ = {
			isa = PBXGroup;
			children = (
				89F4E19F1C4044E4008EDD2A /* SKNodeExtension.swift */,
				8935749A1C4B70F200689E43 /* SKSpriteNodeExtension.swift */,
				89F4E19B1C4044D4008EDD2A /* CGPointExtension.swift */,
				89F4E19D1C4044DD008EDD2A /* CGVectorExtension.swift */,
				899C4E1A1C41F2A100F77F68 /* UIColorExtension.swift */,
			);
			name = Extensions;
			sourceTree = "<group>";
		};
		89F4E1981C4044BD008EDD2A /* Source */ = {
			isa = PBXGroup;
			children = (
				89F4E1971C4044B5008EDD2A /* Extensions */,
				8935747C1C4ACA8500689E43 /* Enums */,
				8935747A1C4ACA5000689E43 /* Protocols */,
				8935747B1C4ACA6400689E43 /* Objects */,
			);
			name = Source;
			sourceTree = "<group>";
		};
		89F4E1A31C404500008EDD2A /* Frameworks */ = {
			isa = PBXGroup;
			children = (
				89F4E1A11C4044FD008EDD2A /* SpriteKit.framework */,
			);
			name = Frameworks;
			sourceTree = "<group>";
		};
/* End PBXGroup section */

/* Begin PBXHeadersBuildPhase section */
		89F4E1781C404488008EDD2A /* Headers */ = {
			isa = PBXHeadersBuildPhase;
			buildActionMask = 2147483647;
			files = (
				89F4E17F1C404488008EDD2A /* R2DEngine.h in Headers */,
			);
			runOnlyForDeploymentPostprocessing = 0;
		};
/* End PBXHeadersBuildPhase section */

/* Begin PBXNativeTarget section */
		89F4E17A1C404488008EDD2A /* R2DEngine */ = {
			isa = PBXNativeTarget;
			buildConfigurationList = 89F4E18F1C404488008EDD2A /* Build configuration list for PBXNativeTarget "R2DEngine" */;
			buildPhases = (
				89F4E1761C404488008EDD2A /* Sources */,
				89F4E1771C404488008EDD2A /* Frameworks */,
				89F4E1781C404488008EDD2A /* Headers */,
				89F4E1791C404488008EDD2A /* Resources */,
			);
			buildRules = (
			);
			dependencies = (
			);
			name = R2DEngine;
			productName = R2DEngine;
			productReference = 89F4E17B1C404488008EDD2A /* R2DEngine.framework */;
			productType = "com.apple.product-type.framework";
		};
		89F4E1841C404488008EDD2A /* R2DEngineTests */ = {
			isa = PBXNativeTarget;
			buildConfigurationList = 89F4E1921C404488008EDD2A /* Build configuration list for PBXNativeTarget "R2DEngineTests" */;
			buildPhases = (
				89F4E1811C404488008EDD2A /* Sources */,
				89F4E1821C404488008EDD2A /* Frameworks */,
				89F4E1831C404488008EDD2A /* Resources */,
			);
			buildRules = (
			);
			dependencies = (
				89F4E1881C404488008EDD2A /* PBXTargetDependency */,
			);
			name = R2DEngineTests;
			productName = R2DEngineTests;
			productReference = 89F4E1851C404488008EDD2A /* R2DEngineTests.xctest */;
			productType = "com.apple.product-type.bundle.unit-test";
		};
/* End PBXNativeTarget section */

/* Begin PBXProject section */
		89F4E1721C404488008EDD2A /* Project object */ = {
			isa = PBXProject;
			attributes = {
				LastSwiftUpdateCheck = 0720;
				LastUpgradeCheck = 0720;
				ORGANIZATIONNAME = "Eric Downey";
				TargetAttributes = {
					89F4E17A1C404488008EDD2A = {
						CreatedOnToolsVersion = 7.2;
						DevelopmentTeam = Z46KU7GJC9;
					};
					89F4E1841C404488008EDD2A = {
						CreatedOnToolsVersion = 7.2;
						DevelopmentTeam = Z46KU7GJC9;
					};
				};
			};
			buildConfigurationList = 89F4E1751C404488008EDD2A /* Build configuration list for PBXProject "R2DEngine" */;
			compatibilityVersion = "Xcode 3.2";
			developmentRegion = English;
			hasScannedForEncodings = 0;
			knownRegions = (
				en,
			);
			mainGroup = 89F4E1711C404488008EDD2A;
			productRefGroup = 89F4E17C1C404488008EDD2A /* Products */;
			projectDirPath = "";
			projectRoot = "";
			targets = (
				89F4E17A1C404488008EDD2A /* R2DEngine */,
				89F4E1841C404488008EDD2A /* R2DEngineTests */,
			);
		};
/* End PBXProject section */

/* Begin PBXResourcesBuildPhase section */
		89F4E1791C404488008EDD2A /* Resources */ = {
			isa = PBXResourcesBuildPhase;
			buildActionMask = 2147483647;
			files = (
			);
			runOnlyForDeploymentPostprocessing = 0;
		};
		89F4E1831C404488008EDD2A /* Resources */ = {
			isa = PBXResourcesBuildPhase;
			buildActionMask = 2147483647;
			files = (
			);
			runOnlyForDeploymentPostprocessing = 0;
		};
/* End PBXResourcesBuildPhase section */

/* Begin PBXSourcesBuildPhase section */
		89F4E1761C404488008EDD2A /* Sources */ = {
			isa = PBXSourcesBuildPhase;
			buildActionMask = 2147483647;
			files = (
				89F4E19E1C4044DD008EDD2A /* CGVectorExtension.swift in Sources */,
				899C4E1D1C41F6D800F77F68 /* R2DButton.swift in Sources */,
				893574971C4B6CC700689E43 /* R2DPlayerComponent.swift in Sources */,
				89D9AA471C4C77E100CCB90B /* R2DDisappearComponent.swift in Sources */,
				8935748F1C4B566D00689E43 /* R2DUtils.swift in Sources */,
				899C4E361C455BED00F77F68 /* R2DSpawnerComponent.swift in Sources */,
				893574881C4B240700689E43 /* R2DGameCenterComponent.swift in Sources */,
				893574821C4B1E3B00689E43 /* R2DGameManagerComponent.swift in Sources */,
				89F4E1961C40449D008EDD2A /* R2DBackground.swift in Sources */,
				893574991C4B6F7A00689E43 /* R2DAnchorPoint.swift in Sources */,
				89D9AA701C4EB12500CCB90B /* R2DAttackComponent.swift in Sources */,
				893574801C4ACBD800689E43 /* R2DHudManagerComponent.swift in Sources */,
				898AE5991C514D8A00AD0A51 /* R2DDashComponent.swift in Sources */,
				8935749B1C4B70F200689E43 /* SKSpriteNodeExtension.swift in Sources */,
				89D9AA5C1C4C8A5100CCB90B /* R2DGameComponent.swift in Sources */,
				89F4E19A1C4044C9008EDD2A /* R2DDirection.swift in Sources */,
				89D9AA5E1C4D55CA00CCB90B /* R2DMessenger.swift in Sources */,
				899C4E321C4232BA00F77F68 /* R2DPlatform.swift in Sources */,
				89F4E1A01C4044E4008EDD2A /* SKNodeExtension.swift in Sources */,
				899C4E641C473A9200F77F68 /* R2DScrollingComponent.swift in Sources */,
				8972E9451C404F0000DC4FA5 /* R2DScrollingPlatform.swift in Sources */,
				89F4E19C1C4044D4008EDD2A /* CGPointExtension.swift in Sources */,
				8935747E1C4ACBC300689E43 /* R2DHudComponent.swift in Sources */,
				899C4E671C47403200F77F68 /* R2DJumpComponent.swift in Sources */,
				899C4E1B1C41F2A100F77F68 /* UIColorExtension.swift in Sources */,
				893574861C4B1F1E00689E43 /* R2DSpawnerType.swift in Sources */,
			);
			runOnlyForDeploymentPostprocessing = 0;
		};
		89F4E1811C404488008EDD2A /* Sources */ = {
			isa = PBXSourcesBuildPhase;
			buildActionMask = 2147483647;
			files = (
				89F4E18B1C404488008EDD2A /* R2DEngineTests.swift in Sources */,
			);
			runOnlyForDeploymentPostprocessing = 0;
		};
/* End PBXSourcesBuildPhase section */

/* Begin PBXTargetDependency section */
		89F4E1881C404488008EDD2A /* PBXTargetDependency */ = {
			isa = PBXTargetDependency;
			target = 89F4E17A1C404488008EDD2A /* R2DEngine */;
			targetProxy = 89F4E1871C404488008EDD2A /* PBXContainerItemProxy */;
		};
/* End PBXTargetDependency section */

/* Begin XCBuildConfiguration section */
		89F4E18D1C404488008EDD2A /* Debug */ = {
			isa = XCBuildConfiguration;
			buildSettings = {
				ALWAYS_SEARCH_USER_PATHS = NO;
				CLANG_CXX_LANGUAGE_STANDARD = "gnu++0x";
				CLANG_CXX_LIBRARY = "libc++";
				CLANG_ENABLE_MODULES = YES;
				CLANG_ENABLE_OBJC_ARC = YES;
				CLANG_WARN_BOOL_CONVERSION = YES;
				CLANG_WARN_CONSTANT_CONVERSION = YES;
				CLANG_WARN_DIRECT_OBJC_ISA_USAGE = YES_ERROR;
				CLANG_WARN_EMPTY_BODY = YES;
				CLANG_WARN_ENUM_CONVERSION = YES;
				CLANG_WARN_INT_CONVERSION = YES;
				CLANG_WARN_OBJC_ROOT_CLASS = YES_ERROR;
				CLANG_WARN_UNREACHABLE_CODE = YES;
				CLANG_WARN__DUPLICATE_METHOD_MATCH = YES;
				"CODE_SIGN_IDENTITY[sdk=iphoneos*]" = "iPhone Developer";
				COPY_PHASE_STRIP = NO;
				CURRENT_PROJECT_VERSION = 1;
				DEBUG_INFORMATION_FORMAT = dwarf;
				ENABLE_STRICT_OBJC_MSGSEND = YES;
				ENABLE_TESTABILITY = YES;
				GCC_C_LANGUAGE_STANDARD = gnu99;
				GCC_DYNAMIC_NO_PIC = NO;
				GCC_NO_COMMON_BLOCKS = YES;
				GCC_OPTIMIZATION_LEVEL = 0;
				GCC_PREPROCESSOR_DEFINITIONS = (
					"DEBUG=1",
					"$(inherited)",
				);
				GCC_WARN_64_TO_32_BIT_CONVERSION = YES;
				GCC_WARN_ABOUT_RETURN_TYPE = YES_ERROR;
				GCC_WARN_UNDECLARED_SELECTOR = YES;
				GCC_WARN_UNINITIALIZED_AUTOS = YES_AGGRESSIVE;
				GCC_WARN_UNUSED_FUNCTION = YES;
				GCC_WARN_UNUSED_VARIABLE = YES;
				IPHONEOS_DEPLOYMENT_TARGET = 9.2;
				MTL_ENABLE_DEBUG_INFO = YES;
				ONLY_ACTIVE_ARCH = YES;
				SDKROOT = iphoneos;
				SWIFT_OPTIMIZATION_LEVEL = "-Onone";
				TARGETED_DEVICE_FAMILY = "1,2";
				VERSIONING_SYSTEM = "apple-generic";
				VERSION_INFO_PREFIX = "";
			};
			name = Debug;
		};
		89F4E18E1C404488008EDD2A /* Release */ = {
			isa = XCBuildConfiguration;
			buildSettings = {
				ALWAYS_SEARCH_USER_PATHS = NO;
				CLANG_CXX_LANGUAGE_STANDARD = "gnu++0x";
				CLANG_CXX_LIBRARY = "libc++";
				CLANG_ENABLE_MODULES = YES;
				CLANG_ENABLE_OBJC_ARC = YES;
				CLANG_WARN_BOOL_CONVERSION = YES;
				CLANG_WARN_CONSTANT_CONVERSION = YES;
				CLANG_WARN_DIRECT_OBJC_ISA_USAGE = YES_ERROR;
				CLANG_WARN_EMPTY_BODY = YES;
				CLANG_WARN_ENUM_CONVERSION = YES;
				CLANG_WARN_INT_CONVERSION = YES;
				CLANG_WARN_OBJC_ROOT_CLASS = YES_ERROR;
				CLANG_WARN_UNREACHABLE_CODE = YES;
				CLANG_WARN__DUPLICATE_METHOD_MATCH = YES;
				"CODE_SIGN_IDENTITY[sdk=iphoneos*]" = "iPhone Developer";
				COPY_PHASE_STRIP = NO;
				CURRENT_PROJECT_VERSION = 1;
				DEBUG_INFORMATION_FORMAT = "dwarf-with-dsym";
				ENABLE_NS_ASSERTIONS = NO;
				ENABLE_STRICT_OBJC_MSGSEND = YES;
				GCC_C_LANGUAGE_STANDARD = gnu99;
				GCC_NO_COMMON_BLOCKS = YES;
				GCC_WARN_64_TO_32_BIT_CONVERSION = YES;
				GCC_WARN_ABOUT_RETURN_TYPE = YES_ERROR;
				GCC_WARN_UNDECLARED_SELECTOR = YES;
				GCC_WARN_UNINITIALIZED_AUTOS = YES_AGGRESSIVE;
				GCC_WARN_UNUSED_FUNCTION = YES;
				GCC_WARN_UNUSED_VARIABLE = YES;
				IPHONEOS_DEPLOYMENT_TARGET = 9.2;
				MTL_ENABLE_DEBUG_INFO = NO;
				SDKROOT = iphoneos;
				TARGETED_DEVICE_FAMILY = "1,2";
				VALIDATE_PRODUCT = YES;
				VERSIONING_SYSTEM = "apple-generic";
				VERSION_INFO_PREFIX = "";
			};
			name = Release;
		};
		89F4E1901C404488008EDD2A /* Debug */ = {
			isa = XCBuildConfiguration;
			buildSettings = {
				CLANG_ENABLE_MODULES = YES;
				DEFINES_MODULE = YES;
				DYLIB_COMPATIBILITY_VERSION = 1;
				DYLIB_CURRENT_VERSION = 1;
				DYLIB_INSTALL_NAME_BASE = "@rpath";
				INFOPLIST_FILE = R2DEngine/Info.plist;
				INSTALL_PATH = "$(LOCAL_LIBRARY_DIR)/Frameworks";
				LD_RUNPATH_SEARCH_PATHS = "$(inherited) @executable_path/Frameworks @loader_path/Frameworks";
				PRODUCT_BUNDLE_IDENTIFIER = com.Downey.R2DEngine;
				PRODUCT_NAME = "$(TARGET_NAME)";
				SKIP_INSTALL = YES;
				SWIFT_OPTIMIZATION_LEVEL = "-Onone";
			};
			name = Debug;
		};
		89F4E1911C404488008EDD2A /* Release */ = {
			isa = XCBuildConfiguration;
			buildSettings = {
				CLANG_ENABLE_MODULES = YES;
				DEFINES_MODULE = YES;
				DYLIB_COMPATIBILITY_VERSION = 1;
				DYLIB_CURRENT_VERSION = 1;
				DYLIB_INSTALL_NAME_BASE = "@rpath";
				INFOPLIST_FILE = R2DEngine/Info.plist;
				INSTALL_PATH = "$(LOCAL_LIBRARY_DIR)/Frameworks";
				LD_RUNPATH_SEARCH_PATHS = "$(inherited) @executable_path/Frameworks @loader_path/Frameworks";
				PRODUCT_BUNDLE_IDENTIFIER = com.Downey.R2DEngine;
				PRODUCT_NAME = "$(TARGET_NAME)";
				SKIP_INSTALL = YES;
			};
			name = Release;
		};
		89F4E1931C404488008EDD2A /* Debug */ = {
			isa = XCBuildConfiguration;
			buildSettings = {
				INFOPLIST_FILE = R2DEngineTests/Info.plist;
				LD_RUNPATH_SEARCH_PATHS = "$(inherited) @executable_path/Frameworks @loader_path/Frameworks";
				PRODUCT_BUNDLE_IDENTIFIER = com.Downey.R2DEngineTests;
				PRODUCT_NAME = "$(TARGET_NAME)";
			};
			name = Debug;
		};
		89F4E1941C404488008EDD2A /* Release */ = {
			isa = XCBuildConfiguration;
			buildSettings = {
				INFOPLIST_FILE = R2DEngineTests/Info.plist;
				LD_RUNPATH_SEARCH_PATHS = "$(inherited) @executable_path/Frameworks @loader_path/Frameworks";
				PRODUCT_BUNDLE_IDENTIFIER = com.Downey.R2DEngineTests;
				PRODUCT_NAME = "$(TARGET_NAME)";
			};
			name = Release;
		};
/* End XCBuildConfiguration section */

/* Begin XCConfigurationList section */
		89F4E1751C404488008EDD2A /* Build configuration list for PBXProject "R2DEngine" */ = {
			isa = XCConfigurationList;
			buildConfigurations = (
				89F4E18D1C404488008EDD2A /* Debug */,
				89F4E18E1C404488008EDD2A /* Release */,
			);
			defaultConfigurationIsVisible = 0;
			defaultConfigurationName = Release;
		};
		89F4E18F1C404488008EDD2A /* Build configuration list for PBXNativeTarget "R2DEngine" */ = {
			isa = XCConfigurationList;
			buildConfigurations = (
				89F4E1901C404488008EDD2A /* Debug */,
				89F4E1911C404488008EDD2A /* Release */,
			);
			defaultConfigurationIsVisible = 0;
			defaultConfigurationName = Release;
		};
		89F4E1921C404488008EDD2A /* Build configuration list for PBXNativeTarget "R2DEngineTests" */ = {
			isa = XCConfigurationList;
			buildConfigurations = (
				89F4E1931C404488008EDD2A /* Debug */,
				89F4E1941C404488008EDD2A /* Release */,
			);
			defaultConfigurationIsVisible = 0;
			defaultConfigurationName = Release;
		};
/* End XCConfigurationList section */
	};
	rootObject = 89F4E1721C404488008EDD2A /* Project object */;
}
